
Microsoft Visual Studio Solution File, Format Version 12.00
# Visual Studio Version 17
VisualStudioVersion = 17.10.35013.160
MinimumVisualStudioVersion = 10.0.40219.1
Project("{FAE04EC0-301F-11D3-BF4B-00C04F79EFBC}") = "MVCweather", "MVCweather.csproj", "{0E97DE6F-4F45-4FE3-8D53-2CCC6AC0A84F}"
EndProject
Global
	GlobalSection(SolutionConfigurationPlatforms) = preSolution
		Debug|Any CPU = Debug|Any CPU
		Release|Any CPU = Release|Any CPU
	EndGlobalSection
	GlobalSection(ProjectConfigurationPlatforms) = postSolution
		{0E97DE6F-4F45-4FE3-8D53-2CCC6AC0A84F}.Debug|Any CPU.ActiveCfg = Debug|Any CPU
		{0E97DE6F-4F45-4FE3-8D53-2CCC6AC0A84F}.Debug|Any CPU.Build.0 = Debug|Any CPU
		{0E97DE6F-4F45-4FE3-8D53-2CCC6AC0A84F}.Release|Any CPU.ActiveCfg = Release|Any CPU
		{0E97DE6F-4F45-4FE3-8D53-2CCC6AC0A84F}.Release|Any CPU.Build.0 = Release|Any CPU
	EndGlobalSection
	GlobalSection(SolutionProperties) = preSolution
		HideSolutionNode = FALSE
	EndGlobalSection
	GlobalSection(ExtensibilityGlobals) = postSolution
		SolutionGuid = {6A81C652-400F-4F74-9902-38690FA3C86B}
	EndGlobalSection
EndGlobal
